
Microsoft Visual Studio Solution File, Format Version 12.00
# Visual Studio Version 16
VisualStudioVersion = 16.0.31911.196
MinimumVisualStudioVersion = 10.0.40219.1
Project("{FAE04EC0-301F-11D3-BF4B-00C04F79EFBC}") = "SalesWebMvc", "SalesWebMvc\SalesWebMvc.csproj", "{1E6C263F-90CC-4740-A086-BA0515101247}"
EndProject
Global
	GlobalSection(SolutionConfigurationPlatforms) = preSolution
		Debug|Any CPU = Debug|Any CPU
		Release|Any CPU = Release|Any CPU
	EndGlobalSection
	GlobalSection(ProjectConfigurationPlatforms) = postSolution
		{1E6C263F-90CC-4740-A086-BA0515101247}.Debug|Any CPU.ActiveCfg = Debug|Any CPU
		{1E6C263F-90CC-4740-A086-BA0515101247}.Debug|Any CPU.Build.0 = Debug|Any CPU
		{1E6C263F-90CC-4740-A086-BA0515101247}.Release|Any CPU.ActiveCfg = Release|Any CPU
		{1E6C263F-90CC-4740-A086-BA0515101247}.Release|Any CPU.Build.0 = Release|Any CPU
	EndGlobalSection
	GlobalSection(SolutionProperties) = preSolution
		HideSolutionNode = FALSE
	EndGlobalSection
	GlobalSection(ExtensibilityGlobals) = postSolution
		SolutionGuid = {C53F8F13-00A5-4208-A99B-30FA0F4A25DF}
	EndGlobalSection
EndGlobal
